
Microsoft Visual Studio Solution File, Format Version 12.00
# Visual Studio Version 16
VisualStudioVersion = 16.0.31729.503
MinimumVisualStudioVersion = 10.0.40219.1
Project("{FAE04EC0-301F-11D3-BF4B-00C04F79EFBC}") = "EF_Escuela", "EF_Escuela\EF_Escuela.csproj", "{FE1150F6-33F6-4F8A-B1FA-89C692FC39D9}"
EndProject
Global
	GlobalSection(SolutionConfigurationPlatforms) = preSolution
		Debug|Any CPU = Debug|Any CPU
		Release|Any CPU = Release|Any CPU
	EndGlobalSection
	GlobalSection(ProjectConfigurationPlatforms) = postSolution
		{FE1150F6-33F6-4F8A-B1FA-89C692FC39D9}.Debug|Any CPU.ActiveCfg = Debug|Any CPU
		{FE1150F6-33F6-4F8A-B1FA-89C692FC39D9}.Debug|Any CPU.Build.0 = Debug|Any CPU
		{FE1150F6-33F6-4F8A-B1FA-89C692FC39D9}.Release|Any CPU.ActiveCfg = Release|Any CPU
		{FE1150F6-33F6-4F8A-B1FA-89C692FC39D9}.Release|Any CPU.Build.0 = Release|Any CPU
	EndGlobalSection
	GlobalSection(SolutionProperties) = preSolution
		HideSolutionNode = FALSE
	EndGlobalSection
	GlobalSection(ExtensibilityGlobals) = postSolution
		SolutionGuid = {AA0A1D9D-BA18-412F-89E2-8C32104BD367}
	EndGlobalSection
EndGlobal
