
Microsoft Visual Studio Solution File, Format Version 12.00
# Visual Studio Version 16
VisualStudioVersion = 16.0.31729.503
MinimumVisualStudioVersion = 10.0.40219.1
Project("{FAE04EC0-301F-11D3-BF4B-00C04F79EFBC}") = "Entidades", "Entidades\Entidades.csproj", "{631A0087-A1FB-42E3-8B0B-4ACB5B862351}"
EndProject
Project("{FAE04EC0-301F-11D3-BF4B-00C04F79EFBC}") = "WinAppLibros", "WinAppLibros\WinAppLibros.csproj", "{4F1D28EE-CA60-41C6-814B-80B517D805BF}"
EndProject
Global
	GlobalSection(SolutionConfigurationPlatforms) = preSolution
		Debug|Any CPU = Debug|Any CPU
		Release|Any CPU = Release|Any CPU
	EndGlobalSection
	GlobalSection(ProjectConfigurationPlatforms) = postSolution
		{631A0087-A1FB-42E3-8B0B-4ACB5B862351}.Debug|Any CPU.ActiveCfg = Debug|Any CPU
		{631A0087-A1FB-42E3-8B0B-4ACB5B862351}.Debug|Any CPU.Build.0 = Debug|Any CPU
		{631A0087-A1FB-42E3-8B0B-4ACB5B862351}.Release|Any CPU.ActiveCfg = Release|Any CPU
		{631A0087-A1FB-42E3-8B0B-4ACB5B862351}.Release|Any CPU.Build.0 = Release|Any CPU
		{4F1D28EE-CA60-41C6-814B-80B517D805BF}.Debug|Any CPU.ActiveCfg = Debug|Any CPU
		{4F1D28EE-CA60-41C6-814B-80B517D805BF}.Debug|Any CPU.Build.0 = Debug|Any CPU
		{4F1D28EE-CA60-41C6-814B-80B517D805BF}.Release|Any CPU.ActiveCfg = Release|Any CPU
		{4F1D28EE-CA60-41C6-814B-80B517D805BF}.Release|Any CPU.Build.0 = Release|Any CPU
	EndGlobalSection
	GlobalSection(SolutionProperties) = preSolution
		HideSolutionNode = FALSE
	EndGlobalSection
	GlobalSection(ExtensibilityGlobals) = postSolution
		SolutionGuid = {6118CC13-7E9E-4080-A53B-A391D9945512}
	EndGlobalSection
EndGlobal
