
Microsoft Visual Studio Solution File, Format Version 12.00
# Visual Studio Version 16
VisualStudioVersion = 16.0.31702.278
MinimumVisualStudioVersion = 10.0.40219.1
Project("{FAE04EC0-301F-11D3-BF4B-00C04F79EFBC}") = "WindowsApp", "WindowsApp\WindowsApp.csproj", "{B1CE43D1-7016-4324-A73C-95D0A15D7B88}"
EndProject
Project("{FAE04EC0-301F-11D3-BF4B-00C04F79EFBC}") = "Entidades", "Entidades\Entidades.csproj", "{8D47113A-2A1F-4080-85DF-4A54AEF200E6}"
EndProject
Global
	GlobalSection(SolutionConfigurationPlatforms) = preSolution
		Debug|Any CPU = Debug|Any CPU
		Release|Any CPU = Release|Any CPU
	EndGlobalSection
	GlobalSection(ProjectConfigurationPlatforms) = postSolution
		{B1CE43D1-7016-4324-A73C-95D0A15D7B88}.Debug|Any CPU.ActiveCfg = Debug|Any CPU
		{B1CE43D1-7016-4324-A73C-95D0A15D7B88}.Debug|Any CPU.Build.0 = Debug|Any CPU
		{B1CE43D1-7016-4324-A73C-95D0A15D7B88}.Release|Any CPU.ActiveCfg = Release|Any CPU
		{B1CE43D1-7016-4324-A73C-95D0A15D7B88}.Release|Any CPU.Build.0 = Release|Any CPU
		{8D47113A-2A1F-4080-85DF-4A54AEF200E6}.Debug|Any CPU.ActiveCfg = Debug|Any CPU
		{8D47113A-2A1F-4080-85DF-4A54AEF200E6}.Debug|Any CPU.Build.0 = Debug|Any CPU
		{8D47113A-2A1F-4080-85DF-4A54AEF200E6}.Release|Any CPU.ActiveCfg = Release|Any CPU
		{8D47113A-2A1F-4080-85DF-4A54AEF200E6}.Release|Any CPU.Build.0 = Release|Any CPU
	EndGlobalSection
	GlobalSection(SolutionProperties) = preSolution
		HideSolutionNode = FALSE
	EndGlobalSection
	GlobalSection(ExtensibilityGlobals) = postSolution
		SolutionGuid = {102A4243-93EF-4581-8CAA-0862AF08E6FC}
	EndGlobalSection
EndGlobal
