
Microsoft Visual Studio Solution File, Format Version 12.00
# Visual Studio Version 16
VisualStudioVersion = 16.0.31702.278
MinimumVisualStudioVersion = 10.0.40219.1
Project("{FAE04EC0-301F-11D3-BF4B-00C04F79EFBC}") = "WindowsPOOClinica", "WindowsPOOClinica\WindowsPOOClinica.csproj", "{AC201BDA-9137-4FCE-86A1-B218A1644B86}"
EndProject
Project("{FAE04EC0-301F-11D3-BF4B-00C04F79EFBC}") = "WindowsConcesionaria", "WindowsConcesionaria\WindowsConcesionaria.csproj", "{9B43F33B-6FAA-467D-B9B6-5B22F03FD215}"
EndProject
Global
	GlobalSection(SolutionConfigurationPlatforms) = preSolution
		Debug|Any CPU = Debug|Any CPU
		Release|Any CPU = Release|Any CPU
	EndGlobalSection
	GlobalSection(ProjectConfigurationPlatforms) = postSolution
		{AC201BDA-9137-4FCE-86A1-B218A1644B86}.Debug|Any CPU.ActiveCfg = Debug|Any CPU
		{AC201BDA-9137-4FCE-86A1-B218A1644B86}.Debug|Any CPU.Build.0 = Debug|Any CPU
		{AC201BDA-9137-4FCE-86A1-B218A1644B86}.Release|Any CPU.ActiveCfg = Release|Any CPU
		{AC201BDA-9137-4FCE-86A1-B218A1644B86}.Release|Any CPU.Build.0 = Release|Any CPU
		{9B43F33B-6FAA-467D-B9B6-5B22F03FD215}.Debug|Any CPU.ActiveCfg = Debug|Any CPU
		{9B43F33B-6FAA-467D-B9B6-5B22F03FD215}.Debug|Any CPU.Build.0 = Debug|Any CPU
		{9B43F33B-6FAA-467D-B9B6-5B22F03FD215}.Release|Any CPU.ActiveCfg = Release|Any CPU
		{9B43F33B-6FAA-467D-B9B6-5B22F03FD215}.Release|Any CPU.Build.0 = Release|Any CPU
	EndGlobalSection
	GlobalSection(SolutionProperties) = preSolution
		HideSolutionNode = FALSE
	EndGlobalSection
	GlobalSection(ExtensibilityGlobals) = postSolution
		SolutionGuid = {9DCFE5EC-2234-49E6-8810-75B7105E98B1}
	EndGlobalSection
EndGlobal
