
Microsoft Visual Studio Solution File, Format Version 12.00
# Visual Studio Version 16
VisualStudioVersion = 16.0.31729.503
MinimumVisualStudioVersion = 10.0.40219.1
Project("{FAE04EC0-301F-11D3-BF4B-00C04F79EFBC}") = "EF_Ventas", "EF_Ventas\EF_Ventas.csproj", "{8EEF2DFB-2451-420C-9FAD-69CF92385D03}"
EndProject
Global
	GlobalSection(SolutionConfigurationPlatforms) = preSolution
		Debug|Any CPU = Debug|Any CPU
		Release|Any CPU = Release|Any CPU
	EndGlobalSection
	GlobalSection(ProjectConfigurationPlatforms) = postSolution
		{8EEF2DFB-2451-420C-9FAD-69CF92385D03}.Debug|Any CPU.ActiveCfg = Debug|Any CPU
		{8EEF2DFB-2451-420C-9FAD-69CF92385D03}.Debug|Any CPU.Build.0 = Debug|Any CPU
		{8EEF2DFB-2451-420C-9FAD-69CF92385D03}.Release|Any CPU.ActiveCfg = Release|Any CPU
		{8EEF2DFB-2451-420C-9FAD-69CF92385D03}.Release|Any CPU.Build.0 = Release|Any CPU
	EndGlobalSection
	GlobalSection(SolutionProperties) = preSolution
		HideSolutionNode = FALSE
	EndGlobalSection
	GlobalSection(ExtensibilityGlobals) = postSolution
		SolutionGuid = {BAE5C59B-D2D8-474F-AA88-EC4330B32281}
	EndGlobalSection
EndGlobal
